// !$*UTF8*$!
{
	archiveVersion = 1;
	classes = {
	};
	objectVersion = 50;
	objects = {

/* Begin PBXBuildFile section */
		3E9E2EC05263806B88E31760 /* Pods_ProductListSampleAppUITests.framework in Frameworks */ = {isa = PBXBuildFile; fileRef = B71E98BB5EF6946A6BD5AC4F /* Pods_ProductListSampleAppUITests.framework */; };
		4771C3F47A1152633D680B28 /* Pods_ProductListSampleApp.framework in Frameworks */ = {isa = PBXBuildFile; fileRef = A756730C6140DE84F4ADF2EB /* Pods_ProductListSampleApp.framework */; };
		51458F362183088C0014AE19 /* ProductListModule.framework in Frameworks */ = {isa = PBXBuildFile; fileRef = 51458F2C2183088C0014AE19 /* ProductListModule.framework */; };
		51458F3B2183088C0014AE19 /* ProductListModuleTests.swift in Sources */ = {isa = PBXBuildFile; fileRef = 51458F3A2183088C0014AE19 /* ProductListModuleTests.swift */; };
		51458F3D2183088C0014AE19 /* ProductListModule.h in Headers */ = {isa = PBXBuildFile; fileRef = 51458F2F2183088C0014AE19 /* ProductListModule.h */; settings = {ATTRIBUTES = (Public, ); }; };
		51458F4F218308CC0014AE19 /* AppDelegate.swift in Sources */ = {isa = PBXBuildFile; fileRef = 51458F4E218308CC0014AE19 /* AppDelegate.swift */; };
		51458F51218308CC0014AE19 /* ViewController.swift in Sources */ = {isa = PBXBuildFile; fileRef = 51458F50218308CC0014AE19 /* ViewController.swift */; };
		51458F54218308CC0014AE19 /* Main.storyboard in Resources */ = {isa = PBXBuildFile; fileRef = 51458F52218308CC0014AE19 /* Main.storyboard */; };
		51458F56218308CD0014AE19 /* Assets.xcassets in Resources */ = {isa = PBXBuildFile; fileRef = 51458F55218308CD0014AE19 /* Assets.xcassets */; };
		51458F59218308CD0014AE19 /* LaunchScreen.storyboard in Resources */ = {isa = PBXBuildFile; fileRef = 51458F57218308CD0014AE19 /* LaunchScreen.storyboard */; };
		51458F64218308CD0014AE19 /* ProductListSampleAppTests.swift in Sources */ = {isa = PBXBuildFile; fileRef = 51458F63218308CD0014AE19 /* ProductListSampleAppTests.swift */; };
		51458F6F218308CD0014AE19 /* ProductListSampleAppUITests.swift in Sources */ = {isa = PBXBuildFile; fileRef = 51458F6E218308CD0014AE19 /* ProductListSampleAppUITests.swift */; };
		51458F7B2183096E0014AE19 /* ProductListModule.podspec in Resources */ = {isa = PBXBuildFile; fileRef = 51458F7A2183096E0014AE19 /* ProductListModule.podspec */; };
		51458F7D21830D6F0014AE19 /* ProductList.storyboard in Resources */ = {isa = PBXBuildFile; fileRef = 51458F7C21830D6F0014AE19 /* ProductList.storyboard */; };
		51458F8021830D920014AE19 /* ProductListViewController.swift in Sources */ = {isa = PBXBuildFile; fileRef = 51458F7F21830D920014AE19 /* ProductListViewController.swift */; };
		51458F83218311830014AE19 /* ProductListUtilities.swift in Sources */ = {isa = PBXBuildFile; fileRef = 51458F82218311830014AE19 /* ProductListUtilities.swift */; };
		7CC53785D2003750AED76628 /* Pods_ProductListModuleTests.framework in Frameworks */ = {isa = PBXBuildFile; fileRef = 8F643CD2D6886C3225564D6C /* Pods_ProductListModuleTests.framework */; };
		980E5D4EBFA7C677CC1793EC /* Pods_ProductListModule.framework in Frameworks */ = {isa = PBXBuildFile; fileRef = B47C2E1EA4D7BF889222B718 /* Pods_ProductListModule.framework */; };
		B820310ADD40B8B89152C984 /* Pods_ProductListSampleAppTests.framework in Frameworks */ = {isa = PBXBuildFile; fileRef = 42AAE5AD415830E16FE691F9 /* Pods_ProductListSampleAppTests.framework */; };
/* End PBXBuildFile section */

/* Begin PBXContainerItemProxy section */
		51458F372183088C0014AE19 /* PBXContainerItemProxy */ = {
			isa = PBXContainerItemProxy;
			containerPortal = 51458F232183088C0014AE19 /* Project object */;
			proxyType = 1;
			remoteGlobalIDString = 51458F2B2183088C0014AE19;
			remoteInfo = ProductListModule;
		};
		51458F60218308CD0014AE19 /* PBXContainerItemProxy */ = {
			isa = PBXContainerItemProxy;
			containerPortal = 51458F232183088C0014AE19 /* Project object */;
			proxyType = 1;
			remoteGlobalIDString = 51458F4B218308CB0014AE19;
			remoteInfo = ProductListSampleApp;
		};
		51458F6B218308CD0014AE19 /* PBXContainerItemProxy */ = {
			isa = PBXContainerItemProxy;
			containerPortal = 51458F232183088C0014AE19 /* Project object */;
			proxyType = 1;
			remoteGlobalIDString = 51458F4B218308CB0014AE19;
			remoteInfo = ProductListSampleApp;
		};
/* End PBXContainerItemProxy section */

/* Begin PBXFileReference section */
		04BC198CE7D9EAD196E336F6 /* Pods-ProductListSampleApp.debug.xcconfig */ = {isa = PBXFileReference; includeInIndex = 1; lastKnownFileType = text.xcconfig; name = "Pods-ProductListSampleApp.debug.xcconfig"; path = "Pods/Target Support Files/Pods-ProductListSampleApp/Pods-ProductListSampleApp.debug.xcconfig"; sourceTree = "<group>"; };
		099F27C12323371526EC8AB1 /* Pods-ProductListModuleTests.debug.xcconfig */ = {isa = PBXFileReference; includeInIndex = 1; lastKnownFileType = text.xcconfig; name = "Pods-ProductListModuleTests.debug.xcconfig"; path = "Pods/Target Support Files/Pods-ProductListModuleTests/Pods-ProductListModuleTests.debug.xcconfig"; sourceTree = "<group>"; };
		10434A7A9742672641169B8E /* Pods-ProductListSampleAppUITests.release.xcconfig */ = {isa = PBXFileReference; includeInIndex = 1; lastKnownFileType = text.xcconfig; name = "Pods-ProductListSampleAppUITests.release.xcconfig"; path = "Pods/Target Support Files/Pods-ProductListSampleAppUITests/Pods-ProductListSampleAppUITests.release.xcconfig"; sourceTree = "<group>"; };
		42AAE5AD415830E16FE691F9 /* Pods_ProductListSampleAppTests.framework */ = {isa = PBXFileReference; explicitFileType = wrapper.framework; includeInIndex = 0; path = Pods_ProductListSampleAppTests.framework; sourceTree = BUILT_PRODUCTS_DIR; };
		4DF623C12FDC7570FB45C5D4 /* Pods-ProductListSampleApp.release.xcconfig */ = {isa = PBXFileReference; includeInIndex = 1; lastKnownFileType = text.xcconfig; name = "Pods-ProductListSampleApp.release.xcconfig"; path = "Pods/Target Support Files/Pods-ProductListSampleApp/Pods-ProductListSampleApp.release.xcconfig"; sourceTree = "<group>"; };
		51458F2C2183088C0014AE19 /* ProductListModule.framework */ = {isa = PBXFileReference; explicitFileType = wrapper.framework; includeInIndex = 0; path = ProductListModule.framework; sourceTree = BUILT_PRODUCTS_DIR; };
		51458F2F2183088C0014AE19 /* ProductListModule.h */ = {isa = PBXFileReference; lastKnownFileType = sourcecode.c.h; path = ProductListModule.h; sourceTree = "<group>"; };
		51458F302183088C0014AE19 /* Info.plist */ = {isa = PBXFileReference; lastKnownFileType = text.plist.xml; path = Info.plist; sourceTree = "<group>"; };
		51458F352183088C0014AE19 /* ProductListModuleTests.xctest */ = {isa = PBXFileReference; explicitFileType = wrapper.cfbundle; includeInIndex = 0; path = ProductListModuleTests.xctest; sourceTree = BUILT_PRODUCTS_DIR; };
		51458F3A2183088C0014AE19 /* ProductListModuleTests.swift */ = {isa = PBXFileReference; lastKnownFileType = sourcecode.swift; path = ProductListModuleTests.swift; sourceTree = "<group>"; };
		51458F3C2183088C0014AE19 /* Info.plist */ = {isa = PBXFileReference; lastKnownFileType = text.plist.xml; path = Info.plist; sourceTree = "<group>"; };
		51458F4C218308CB0014AE19 /* ProductListSampleApp.app */ = {isa = PBXFileReference; explicitFileType = wrapper.application; includeInIndex = 0; path = ProductListSampleApp.app; sourceTree = BUILT_PRODUCTS_DIR; };
		51458F4E218308CC0014AE19 /* AppDelegate.swift */ = {isa = PBXFileReference; lastKnownFileType = sourcecode.swift; path = AppDelegate.swift; sourceTree = "<group>"; };
		51458F50218308CC0014AE19 /* ViewController.swift */ = {isa = PBXFileReference; lastKnownFileType = sourcecode.swift; path = ViewController.swift; sourceTree = "<group>"; };
		51458F53218308CC0014AE19 /* Base */ = {isa = PBXFileReference; lastKnownFileType = file.storyboard; name = Base; path = Base.lproj/Main.storyboard; sourceTree = "<group>"; };
		51458F55218308CD0014AE19 /* Assets.xcassets */ = {isa = PBXFileReference; lastKnownFileType = folder.assetcatalog; path = Assets.xcassets; sourceTree = "<group>"; };
		51458F58218308CD0014AE19 /* Base */ = {isa = PBXFileReference; lastKnownFileType = file.storyboard; name = Base; path = Base.lproj/LaunchScreen.storyboard; sourceTree = "<group>"; };
		51458F5A218308CD0014AE19 /* Info.plist */ = {isa = PBXFileReference; lastKnownFileType = text.plist.xml; path = Info.plist; sourceTree = "<group>"; };
		51458F5F218308CD0014AE19 /* ProductListSampleAppTests.xctest */ = {isa = PBXFileReference; explicitFileType = wrapper.cfbundle; includeInIndex = 0; path = ProductListSampleAppTests.xctest; sourceTree = BUILT_PRODUCTS_DIR; };
		51458F63218308CD0014AE19 /* ProductListSampleAppTests.swift */ = {isa = PBXFileReference; lastKnownFileType = sourcecode.swift; path = ProductListSampleAppTests.swift; sourceTree = "<group>"; };
		51458F65218308CD0014AE19 /* Info.plist */ = {isa = PBXFileReference; lastKnownFileType = text.plist.xml; path = Info.plist; sourceTree = "<group>"; };
		51458F6A218308CD0014AE19 /* ProductListSampleAppUITests.xctest */ = {isa = PBXFileReference; explicitFileType = wrapper.cfbundle; includeInIndex = 0; path = ProductListSampleAppUITests.xctest; sourceTree = BUILT_PRODUCTS_DIR; };
		51458F6E218308CD0014AE19 /* ProductListSampleAppUITests.swift */ = {isa = PBXFileReference; lastKnownFileType = sourcecode.swift; path = ProductListSampleAppUITests.swift; sourceTree = "<group>"; };
		51458F70218308CD0014AE19 /* Info.plist */ = {isa = PBXFileReference; lastKnownFileType = text.plist.xml; path = Info.plist; sourceTree = "<group>"; };
		51458F7A2183096E0014AE19 /* ProductListModule.podspec */ = {isa = PBXFileReference; fileEncoding = 4; lastKnownFileType = text; name = ProductListModule.podspec; path = ../../ProductListModule.podspec; sourceTree = "<group>"; xcLanguageSpecificationIdentifier = xcode.lang.ruby; };
		51458F7C21830D6F0014AE19 /* ProductList.storyboard */ = {isa = PBXFileReference; lastKnownFileType = file.storyboard; path = ProductList.storyboard; sourceTree = "<group>"; };
		51458F7F21830D920014AE19 /* ProductListViewController.swift */ = {isa = PBXFileReference; lastKnownFileType = sourcecode.swift; path = ProductListViewController.swift; sourceTree = "<group>"; };
		51458F82218311830014AE19 /* ProductListUtilities.swift */ = {isa = PBXFileReference; lastKnownFileType = sourcecode.swift; path = ProductListUtilities.swift; sourceTree = "<group>"; };
		615C3071774D7E30A10A671E /* Pods-ProductListModule.release.xcconfig */ = {isa = PBXFileReference; includeInIndex = 1; lastKnownFileType = text.xcconfig; name = "Pods-ProductListModule.release.xcconfig"; path = "Pods/Target Support Files/Pods-ProductListModule/Pods-ProductListModule.release.xcconfig"; sourceTree = "<group>"; };
		8CFE0D004058A662E2545FF5 /* Pods-ProductListSampleAppTests.debug.xcconfig */ = {isa = PBXFileReference; includeInIndex = 1; lastKnownFileType = text.xcconfig; name = "Pods-ProductListSampleAppTests.debug.xcconfig"; path = "Pods/Target Support Files/Pods-ProductListSampleAppTests/Pods-ProductListSampleAppTests.debug.xcconfig"; sourceTree = "<group>"; };
		8F643CD2D6886C3225564D6C /* Pods_ProductListModuleTests.framework */ = {isa = PBXFileReference; explicitFileType = wrapper.framework; includeInIndex = 0; path = Pods_ProductListModuleTests.framework; sourceTree = BUILT_PRODUCTS_DIR; };
		945035E461EDCD8E17BFE240 /* Pods-ProductListModuleTests.release.xcconfig */ = {isa = PBXFileReference; includeInIndex = 1; lastKnownFileType = text.xcconfig; name = "Pods-ProductListModuleTests.release.xcconfig"; path = "Pods/Target Support Files/Pods-ProductListModuleTests/Pods-ProductListModuleTests.release.xcconfig"; sourceTree = "<group>"; };
		A756730C6140DE84F4ADF2EB /* Pods_ProductListSampleApp.framework */ = {isa = PBXFileReference; explicitFileType = wrapper.framework; includeInIndex = 0; path = Pods_ProductListSampleApp.framework; sourceTree = BUILT_PRODUCTS_DIR; };
		B47C2E1EA4D7BF889222B718 /* Pods_ProductListModule.framework */ = {isa = PBXFileReference; explicitFileType = wrapper.framework; includeInIndex = 0; path = Pods_ProductListModule.framework; sourceTree = BUILT_PRODUCTS_DIR; };
		B56FC01BBA1B467545298B54 /* Pods-ProductListSampleAppTests.release.xcconfig */ = {isa = PBXFileReference; includeInIndex = 1; lastKnownFileType = text.xcconfig; name = "Pods-ProductListSampleAppTests.release.xcconfig"; path = "Pods/Target Support Files/Pods-ProductListSampleAppTests/Pods-ProductListSampleAppTests.release.xcconfig"; sourceTree = "<group>"; };
		B6045CF971B865821FC160E4 /* Pods-ProductListSampleAppUITests.debug.xcconfig */ = {isa = PBXFileReference; includeInIndex = 1; lastKnownFileType = text.xcconfig; name = "Pods-ProductListSampleAppUITests.debug.xcconfig"; path = "Pods/Target Support Files/Pods-ProductListSampleAppUITests/Pods-ProductListSampleAppUITests.debug.xcconfig"; sourceTree = "<group>"; };
		B71E98BB5EF6946A6BD5AC4F /* Pods_ProductListSampleAppUITests.framework */ = {isa = PBXFileReference; explicitFileType = wrapper.framework; includeInIndex = 0; path = Pods_ProductListSampleAppUITests.framework; sourceTree = BUILT_PRODUCTS_DIR; };
		C571710B3F5416CB87D91EE2 /* Pods-ProductListModule.debug.xcconfig */ = {isa = PBXFileReference; includeInIndex = 1; lastKnownFileType = text.xcconfig; name = "Pods-ProductListModule.debug.xcconfig"; path = "Pods/Target Support Files/Pods-ProductListModule/Pods-ProductListModule.debug.xcconfig"; sourceTree = "<group>"; };
/* End PBXFileReference section */

/* Begin PBXFrameworksBuildPhase section */
		51458F282183088C0014AE19 /* Frameworks */ = {
			isa = PBXFrameworksBuildPhase;
			buildActionMask = 2147483647;
			files = (
				980E5D4EBFA7C677CC1793EC /* Pods_ProductListModule.framework in Frameworks */,
			);
			runOnlyForDeploymentPostprocessing = 0;
		};
		51458F322183088C0014AE19 /* Frameworks */ = {
			isa = PBXFrameworksBuildPhase;
			buildActionMask = 2147483647;
			files = (
				51458F362183088C0014AE19 /* ProductListModule.framework in Frameworks */,
				7CC53785D2003750AED76628 /* Pods_ProductListModuleTests.framework in Frameworks */,
			);
			runOnlyForDeploymentPostprocessing = 0;
		};
		51458F49218308CB0014AE19 /* Frameworks */ = {
			isa = PBXFrameworksBuildPhase;
			buildActionMask = 2147483647;
			files = (
				4771C3F47A1152633D680B28 /* Pods_ProductListSampleApp.framework in Frameworks */,
			);
			runOnlyForDeploymentPostprocessing = 0;
		};
		51458F5C218308CD0014AE19 /* Frameworks */ = {
			isa = PBXFrameworksBuildPhase;
			buildActionMask = 2147483647;
			files = (
				B820310ADD40B8B89152C984 /* Pods_ProductListSampleAppTests.framework in Frameworks */,
			);
			runOnlyForDeploymentPostprocessing = 0;
		};
		51458F67218308CD0014AE19 /* Frameworks */ = {
			isa = PBXFrameworksBuildPhase;
			buildActionMask = 2147483647;
			files = (
				3E9E2EC05263806B88E31760 /* Pods_ProductListSampleAppUITests.framework in Frameworks */,
			);
			runOnlyForDeploymentPostprocessing = 0;
		};
/* End PBXFrameworksBuildPhase section */

/* Begin PBXGroup section */
		298E4DA2AB76F18BD355D59D /* Frameworks */ = {
			isa = PBXGroup;
			children = (
				B47C2E1EA4D7BF889222B718 /* Pods_ProductListModule.framework */,
				8F643CD2D6886C3225564D6C /* Pods_ProductListModuleTests.framework */,
				A756730C6140DE84F4ADF2EB /* Pods_ProductListSampleApp.framework */,
				42AAE5AD415830E16FE691F9 /* Pods_ProductListSampleAppTests.framework */,
				B71E98BB5EF6946A6BD5AC4F /* Pods_ProductListSampleAppUITests.framework */,
			);
			name = Frameworks;
			sourceTree = "<group>";
		};
		51458F222183088C0014AE19 = {
			isa = PBXGroup;
			children = (
				51458F2E2183088C0014AE19 /* ProductListModule */,
				51458F392183088C0014AE19 /* ProductListModuleTests */,
				51458F4D218308CC0014AE19 /* ProductListSampleApp */,
				51458F62218308CD0014AE19 /* ProductListSampleAppTests */,
				51458F6D218308CD0014AE19 /* ProductListSampleAppUITests */,
				51458F2D2183088C0014AE19 /* Products */,
				C74467698C9AACF5EC9138B0 /* Pods */,
				298E4DA2AB76F18BD355D59D /* Frameworks */,
			);
			sourceTree = "<group>";
		};
		51458F2D2183088C0014AE19 /* Products */ = {
			isa = PBXGroup;
			children = (
				51458F2C2183088C0014AE19 /* ProductListModule.framework */,
				51458F352183088C0014AE19 /* ProductListModuleTests.xctest */,
				51458F4C218308CB0014AE19 /* ProductListSampleApp.app */,
				51458F5F218308CD0014AE19 /* ProductListSampleAppTests.xctest */,
				51458F6A218308CD0014AE19 /* ProductListSampleAppUITests.xctest */,
			);
			name = Products;
			sourceTree = "<group>";
		};
		51458F2E2183088C0014AE19 /* ProductListModule */ = {
			isa = PBXGroup;
			children = (
				51458F7A2183096E0014AE19 /* ProductListModule.podspec */,
				51458F47218308B80014AE19 /* Assets */,
				51458F46218308B80014AE19 /* Classes */,
				51458F2F2183088C0014AE19 /* ProductListModule.h */,
				51458F302183088C0014AE19 /* Info.plist */,
			);
			path = ProductListModule;
			sourceTree = "<group>";
		};
		51458F392183088C0014AE19 /* ProductListModuleTests */ = {
			isa = PBXGroup;
			children = (
				51458F3A2183088C0014AE19 /* ProductListModuleTests.swift */,
				51458F3C2183088C0014AE19 /* Info.plist */,
			);
			path = ProductListModuleTests;
			sourceTree = "<group>";
		};
		51458F46218308B80014AE19 /* Classes */ = {
			isa = PBXGroup;
			children = (
				51458F812183116E0014AE19 /* Utils */,
				51458F7E21830D860014AE19 /* View */,
			);
			path = Classes;
			sourceTree = "<group>";
		};
		51458F47218308B80014AE19 /* Assets */ = {
			isa = PBXGroup;
			children = (
				51458F7C21830D6F0014AE19 /* ProductList.storyboard */,
			);
			path = Assets;
			sourceTree = "<group>";
		};
		51458F4D218308CC0014AE19 /* ProductListSampleApp */ = {
			isa = PBXGroup;
			children = (
				51458F4E218308CC0014AE19 /* AppDelegate.swift */,
				51458F50218308CC0014AE19 /* ViewController.swift */,
				51458F52218308CC0014AE19 /* Main.storyboard */,
				51458F55218308CD0014AE19 /* Assets.xcassets */,
				51458F57218308CD0014AE19 /* LaunchScreen.storyboard */,
				51458F5A218308CD0014AE19 /* Info.plist */,
			);
			path = ProductListSampleApp;
			sourceTree = "<group>";
		};
		51458F62218308CD0014AE19 /* ProductListSampleAppTests */ = {
			isa = PBXGroup;
			children = (
				51458F63218308CD0014AE19 /* ProductListSampleAppTests.swift */,
				51458F65218308CD0014AE19 /* Info.plist */,
			);
			path = ProductListSampleAppTests;
			sourceTree = "<group>";
		};
		51458F6D218308CD0014AE19 /* ProductListSampleAppUITests */ = {
			isa = PBXGroup;
			children = (
				51458F6E218308CD0014AE19 /* ProductListSampleAppUITests.swift */,
				51458F70218308CD0014AE19 /* Info.plist */,
			);
			path = ProductListSampleAppUITests;
			sourceTree = "<group>";
		};
		51458F7E21830D860014AE19 /* View */ = {
			isa = PBXGroup;
			children = (
				51458F7F21830D920014AE19 /* ProductListViewController.swift */,
			);
			path = View;
			sourceTree = "<group>";
		};
		51458F812183116E0014AE19 /* Utils */ = {
			isa = PBXGroup;
			children = (
				51458F82218311830014AE19 /* ProductListUtilities.swift */,
			);
			path = Utils;
			sourceTree = "<group>";
		};
		C74467698C9AACF5EC9138B0 /* Pods */ = {
			isa = PBXGroup;
			children = (
				C571710B3F5416CB87D91EE2 /* Pods-ProductListModule.debug.xcconfig */,
				615C3071774D7E30A10A671E /* Pods-ProductListModule.release.xcconfig */,
				099F27C12323371526EC8AB1 /* Pods-ProductListModuleTests.debug.xcconfig */,
				945035E461EDCD8E17BFE240 /* Pods-ProductListModuleTests.release.xcconfig */,
				04BC198CE7D9EAD196E336F6 /* Pods-ProductListSampleApp.debug.xcconfig */,
				4DF623C12FDC7570FB45C5D4 /* Pods-ProductListSampleApp.release.xcconfig */,
				8CFE0D004058A662E2545FF5 /* Pods-ProductListSampleAppTests.debug.xcconfig */,
				B56FC01BBA1B467545298B54 /* Pods-ProductListSampleAppTests.release.xcconfig */,
				B6045CF971B865821FC160E4 /* Pods-ProductListSampleAppUITests.debug.xcconfig */,
				10434A7A9742672641169B8E /* Pods-ProductListSampleAppUITests.release.xcconfig */,
			);
			name = Pods;
			sourceTree = "<group>";
		};
/* End PBXGroup section */

/* Begin PBXHeadersBuildPhase section */
		51458F292183088C0014AE19 /* Headers */ = {
			isa = PBXHeadersBuildPhase;
			buildActionMask = 2147483647;
			files = (
				51458F3D2183088C0014AE19 /* ProductListModule.h in Headers */,
			);
			runOnlyForDeploymentPostprocessing = 0;
		};
/* End PBXHeadersBuildPhase section */

/* Begin PBXNativeTarget section */
		51458F2B2183088C0014AE19 /* ProductListModule */ = {
			isa = PBXNativeTarget;
			buildConfigurationList = 51458F402183088C0014AE19 /* Build configuration list for PBXNativeTarget "ProductListModule" */;
			buildPhases = (
				0967809FED939A0979D4F922 /* [CP] Check Pods Manifest.lock */,
				51458F272183088C0014AE19 /* Sources */,
				51458F282183088C0014AE19 /* Frameworks */,
				51458F292183088C0014AE19 /* Headers */,
				51458F2A2183088C0014AE19 /* Resources */,
			);
			buildRules = (
			);
			dependencies = (
			);
			name = ProductListModule;
			productName = ProductListModule;
			productReference = 51458F2C2183088C0014AE19 /* ProductListModule.framework */;
			productType = "com.apple.product-type.framework";
		};
		51458F342183088C0014AE19 /* ProductListModuleTests */ = {
			isa = PBXNativeTarget;
			buildConfigurationList = 51458F432183088C0014AE19 /* Build configuration list for PBXNativeTarget "ProductListModuleTests" */;
			buildPhases = (
				2A1469108B162824300B1B60 /* [CP] Check Pods Manifest.lock */,
				51458F312183088C0014AE19 /* Sources */,
				51458F322183088C0014AE19 /* Frameworks */,
				51458F332183088C0014AE19 /* Resources */,
			);
			buildRules = (
			);
			dependencies = (
				51458F382183088C0014AE19 /* PBXTargetDependency */,
			);
			name = ProductListModuleTests;
			productName = ProductListModuleTests;
			productReference = 51458F352183088C0014AE19 /* ProductListModuleTests.xctest */;
			productType = "com.apple.product-type.bundle.unit-test";
		};
		51458F4B218308CB0014AE19 /* ProductListSampleApp */ = {
			isa = PBXNativeTarget;
			buildConfigurationList = 51458F71218308CD0014AE19 /* Build configuration list for PBXNativeTarget "ProductListSampleApp" */;
			buildPhases = (
				CDA80C202138148FBE2EA7CF /* [CP] Check Pods Manifest.lock */,
				51458F48218308CB0014AE19 /* Sources */,
				51458F49218308CB0014AE19 /* Frameworks */,
				51458F4A218308CB0014AE19 /* Resources */,
				1829B5152CD58CAB29A73A5A /* [CP] Embed Pods Frameworks */,
			);
			buildRules = (
			);
			dependencies = (
			);
			name = ProductListSampleApp;
			productName = ProductListSampleApp;
			productReference = 51458F4C218308CB0014AE19 /* ProductListSampleApp.app */;
			productType = "com.apple.product-type.application";
		};
		51458F5E218308CD0014AE19 /* ProductListSampleAppTests */ = {
			isa = PBXNativeTarget;
			buildConfigurationList = 51458F74218308CD0014AE19 /* Build configuration list for PBXNativeTarget "ProductListSampleAppTests" */;
			buildPhases = (
				E2C52426B944546BA611EC22 /* [CP] Check Pods Manifest.lock */,
				51458F5B218308CD0014AE19 /* Sources */,
				51458F5C218308CD0014AE19 /* Frameworks */,
				51458F5D218308CD0014AE19 /* Resources */,
			);
			buildRules = (
			);
			dependencies = (
				51458F61218308CD0014AE19 /* PBXTargetDependency */,
			);
			name = ProductListSampleAppTests;
			productName = ProductListSampleAppTests;
			productReference = 51458F5F218308CD0014AE19 /* ProductListSampleAppTests.xctest */;
			productType = "com.apple.product-type.bundle.unit-test";
		};
		51458F69218308CD0014AE19 /* ProductListSampleAppUITests */ = {
			isa = PBXNativeTarget;
			buildConfigurationList = 51458F77218308CD0014AE19 /* Build configuration list for PBXNativeTarget "ProductListSampleAppUITests" */;
			buildPhases = (
				E1318E5C928925FE67ED2B18 /* [CP] Check Pods Manifest.lock */,
				51458F66218308CD0014AE19 /* Sources */,
				51458F67218308CD0014AE19 /* Frameworks */,
				51458F68218308CD0014AE19 /* Resources */,
			);
			buildRules = (
			);
			dependencies = (
				51458F6C218308CD0014AE19 /* PBXTargetDependency */,
			);
			name = ProductListSampleAppUITests;
			productName = ProductListSampleAppUITests;
			productReference = 51458F6A218308CD0014AE19 /* ProductListSampleAppUITests.xctest */;
			productType = "com.apple.product-type.bundle.ui-testing";
		};
/* End PBXNativeTarget section */

/* Begin PBXProject section */
		51458F232183088C0014AE19 /* Project object */ = {
			isa = PBXProject;
			attributes = {
				LastSwiftUpdateCheck = 0940;
				LastUpgradeCheck = 0940;
				ORGANIZATIONNAME = "Durgesh Pandey";
				TargetAttributes = {
					51458F2B2183088C0014AE19 = {
						CreatedOnToolsVersion = 9.4.1;
						LastSwiftMigration = 0940;
					};
					51458F342183088C0014AE19 = {
						CreatedOnToolsVersion = 9.4.1;
					};
					51458F4B218308CB0014AE19 = {
						CreatedOnToolsVersion = 9.4.1;
					};
					51458F5E218308CD0014AE19 = {
						CreatedOnToolsVersion = 9.4.1;
						TestTargetID = 51458F4B218308CB0014AE19;
					};
					51458F69218308CD0014AE19 = {
						CreatedOnToolsVersion = 9.4.1;
						TestTargetID = 51458F4B218308CB0014AE19;
					};
				};
			};
			buildConfigurationList = 51458F262183088C0014AE19 /* Build configuration list for PBXProject "ProductListModule" */;
			compatibilityVersion = "Xcode 9.3";
			developmentRegion = en;
			hasScannedForEncodings = 0;
			knownRegions = (
				en,
				Base,
			);
			mainGroup = 51458F222183088C0014AE19;
			productRefGroup = 51458F2D2183088C0014AE19 /* Products */;
			projectDirPath = "";
			projectRoot = "";
			targets = (
				51458F2B2183088C0014AE19 /* ProductListModule */,
				51458F342183088C0014AE19 /* ProductListModuleTests */,
				51458F4B218308CB0014AE19 /* ProductListSampleApp */,
				51458F5E218308CD0014AE19 /* ProductListSampleAppTests */,
				51458F69218308CD0014AE19 /* ProductListSampleAppUITests */,
			);
		};
/* End PBXProject section */

/* Begin PBXResourcesBuildPhase section */
		51458F2A2183088C0014AE19 /* Resources */ = {
			isa = PBXResourcesBuildPhase;
			buildActionMask = 2147483647;
			files = (
				51458F7D21830D6F0014AE19 /* ProductList.storyboard in Resources */,
				51458F7B2183096E0014AE19 /* ProductListModule.podspec in Resources */,
			);
			runOnlyForDeploymentPostprocessing = 0;
		};
		51458F332183088C0014AE19 /* Resources */ = {
			isa = PBXResourcesBuildPhase;
			buildActionMask = 2147483647;
			files = (
			);
			runOnlyForDeploymentPostprocessing = 0;
		};
		51458F4A218308CB0014AE19 /* Resources */ = {
			isa = PBXResourcesBuildPhase;
			buildActionMask = 2147483647;
			files = (
				51458F59218308CD0014AE19 /* LaunchScreen.storyboard in Resources */,
				51458F56218308CD0014AE19 /* Assets.xcassets in Resources */,
				51458F54218308CC0014AE19 /* Main.storyboard in Resources */,
			);
			runOnlyForDeploymentPostprocessing = 0;
		};
		51458F5D218308CD0014AE19 /* Resources */ = {
			isa = PBXResourcesBuildPhase;
			buildActionMask = 2147483647;
			files = (
			);
			runOnlyForDeploymentPostprocessing = 0;
		};
		51458F68218308CD0014AE19 /* Resources */ = {
			isa = PBXResourcesBuildPhase;
			buildActionMask = 2147483647;
			files = (
			);
			runOnlyForDeploymentPostprocessing = 0;
		};
/* End PBXResourcesBuildPhase section */

/* Begin PBXShellScriptBuildPhase section */
		0967809FED939A0979D4F922 /* [CP] Check Pods Manifest.lock */ = {
			isa = PBXShellScriptBuildPhase;
			buildActionMask = 2147483647;
			files = (
			);
			inputPaths = (
				"${PODS_PODFILE_DIR_PATH}/Podfile.lock",
				"${PODS_ROOT}/Manifest.lock",
			);
			name = "[CP] Check Pods Manifest.lock";
			outputPaths = (
				"$(DERIVED_FILE_DIR)/Pods-ProductListModule-checkManifestLockResult.txt",
			);
			runOnlyForDeploymentPostprocessing = 0;
			shellPath = /bin/sh;
			shellScript = "diff \"${PODS_PODFILE_DIR_PATH}/Podfile.lock\" \"${PODS_ROOT}/Manifest.lock\" > /dev/null\nif [ $? != 0 ] ; then\n    # print error to STDERR\n    echo \"error: The sandbox is not in sync with the Podfile.lock. Run 'pod install' or update your CocoaPods installation.\" >&2\n    exit 1\nfi\n# This output is used by Xcode 'outputs' to avoid re-running this script phase.\necho \"SUCCESS\" > \"${SCRIPT_OUTPUT_FILE_0}\"\n";
			showEnvVarsInLog = 0;
		};
		1829B5152CD58CAB29A73A5A /* [CP] Embed Pods Frameworks */ = {
			isa = PBXShellScriptBuildPhase;
			buildActionMask = 2147483647;
			files = (
			);
			inputPaths = (
				"${SRCROOT}/Pods/Target Support Files/Pods-ProductListSampleApp/Pods-ProductListSampleApp-frameworks.sh",
				"${BUILT_PRODUCTS_DIR}/ProductListModule/ProductListModule.framework",
			);
			name = "[CP] Embed Pods Frameworks";
			outputPaths = (
				"${TARGET_BUILD_DIR}/${FRAMEWORKS_FOLDER_PATH}/ProductListModule.framework",
			);
			runOnlyForDeploymentPostprocessing = 0;
			shellPath = /bin/sh;
			shellScript = "\"${SRCROOT}/Pods/Target Support Files/Pods-ProductListSampleApp/Pods-ProductListSampleApp-frameworks.sh\"\n";
			showEnvVarsInLog = 0;
		};
		2A1469108B162824300B1B60 /* [CP] Check Pods Manifest.lock */ = {
			isa = PBXShellScriptBuildPhase;
			buildActionMask = 2147483647;
			files = (
			);
			inputPaths = (
				"${PODS_PODFILE_DIR_PATH}/Podfile.lock",
				"${PODS_ROOT}/Manifest.lock",
			);
			name = "[CP] Check Pods Manifest.lock";
			outputPaths = (
				"$(DERIVED_FILE_DIR)/Pods-ProductListModuleTests-checkManifestLockResult.txt",
			);
			runOnlyForDeploymentPostprocessing = 0;
			shellPath = /bin/sh;
			shellScript = "diff \"${PODS_PODFILE_DIR_PATH}/Podfile.lock\" \"${PODS_ROOT}/Manifest.lock\" > /dev/null\nif [ $? != 0 ] ; then\n    # print error to STDERR\n    echo \"error: The sandbox is not in sync with the Podfile.lock. Run 'pod install' or update your CocoaPods installation.\" >&2\n    exit 1\nfi\n# This output is used by Xcode 'outputs' to avoid re-running this script phase.\necho \"SUCCESS\" > \"${SCRIPT_OUTPUT_FILE_0}\"\n";
			showEnvVarsInLog = 0;
		};
		CDA80C202138148FBE2EA7CF /* [CP] Check Pods Manifest.lock */ = {
			isa = PBXShellScriptBuildPhase;
			buildActionMask = 2147483647;
			files = (
			);
			inputPaths = (
				"${PODS_PODFILE_DIR_PATH}/Podfile.lock",
				"${PODS_ROOT}/Manifest.lock",
			);
			name = "[CP] Check Pods Manifest.lock";
			outputPaths = (
				"$(DERIVED_FILE_DIR)/Pods-ProductListSampleApp-checkManifestLockResult.txt",
			);
			runOnlyForDeploymentPostprocessing = 0;
			shellPath = /bin/sh;
			shellScript = "diff \"${PODS_PODFILE_DIR_PATH}/Podfile.lock\" \"${PODS_ROOT}/Manifest.lock\" > /dev/null\nif [ $? != 0 ] ; then\n    # print error to STDERR\n    echo \"error: The sandbox is not in sync with the Podfile.lock. Run 'pod install' or update your CocoaPods installation.\" >&2\n    exit 1\nfi\n# This output is used by Xcode 'outputs' to avoid re-running this script phase.\necho \"SUCCESS\" > \"${SCRIPT_OUTPUT_FILE_0}\"\n";
			showEnvVarsInLog = 0;
		};
		E1318E5C928925FE67ED2B18 /* [CP] Check Pods Manifest.lock */ = {
			isa = PBXShellScriptBuildPhase;
			buildActionMask = 2147483647;
			files = (
			);
			inputPaths = (
				"${PODS_PODFILE_DIR_PATH}/Podfile.lock",
				"${PODS_ROOT}/Manifest.lock",
			);
			name = "[CP] Check Pods Manifest.lock";
			outputPaths = (
				"$(DERIVED_FILE_DIR)/Pods-ProductListSampleAppUITests-checkManifestLockResult.txt",
			);
			runOnlyForDeploymentPostprocessing = 0;
			shellPath = /bin/sh;
			shellScript = "diff \"${PODS_PODFILE_DIR_PATH}/Podfile.lock\" \"${PODS_ROOT}/Manifest.lock\" > /dev/null\nif [ $? != 0 ] ; then\n    # print error to STDERR\n    echo \"error: The sandbox is not in sync with the Podfile.lock. Run 'pod install' or update your CocoaPods installation.\" >&2\n    exit 1\nfi\n# This output is used by Xcode 'outputs' to avoid re-running this script phase.\necho \"SUCCESS\" > \"${SCRIPT_OUTPUT_FILE_0}\"\n";
			showEnvVarsInLog = 0;
		};
		E2C52426B944546BA611EC22 /* [CP] Check Pods Manifest.lock */ = {
			isa = PBXShellScriptBuildPhase;
			buildActionMask = 2147483647;
			files = (
			);
			inputPaths = (
				"${PODS_PODFILE_DIR_PATH}/Podfile.lock",
				"${PODS_ROOT}/Manifest.lock",
			);
			name = "[CP] Check Pods Manifest.lock";
			outputPaths = (
				"$(DERIVED_FILE_DIR)/Pods-ProductListSampleAppTests-checkManifestLockResult.txt",
			);
			runOnlyForDeploymentPostprocessing = 0;
			shellPath = /bin/sh;
			shellScript = "diff \"${PODS_PODFILE_DIR_PATH}/Podfile.lock\" \"${PODS_ROOT}/Manifest.lock\" > /dev/null\nif [ $? != 0 ] ; then\n    # print error to STDERR\n    echo \"error: The sandbox is not in sync with the Podfile.lock. Run 'pod install' or update your CocoaPods installation.\" >&2\n    exit 1\nfi\n# This output is used by Xcode 'outputs' to avoid re-running this script phase.\necho \"SUCCESS\" > \"${SCRIPT_OUTPUT_FILE_0}\"\n";
			showEnvVarsInLog = 0;
		};
/* End PBXShellScriptBuildPhase section */

/* Begin PBXSourcesBuildPhase section */
		51458F272183088C0014AE19 /* Sources */ = {
			isa = PBXSourcesBuildPhase;
			buildActionMask = 2147483647;
			files = (
				51458F83218311830014AE19 /* ProductListUtilities.swift in Sources */,
				51458F8021830D920014AE19 /* ProductListViewController.swift in Sources */,
			);
			runOnlyForDeploymentPostprocessing = 0;
		};
		51458F312183088C0014AE19 /* Sources */ = {
			isa = PBXSourcesBuildPhase;
			buildActionMask = 2147483647;
			files = (
				51458F3B2183088C0014AE19 /* ProductListModuleTests.swift in Sources */,
			);
			runOnlyForDeploymentPostprocessing = 0;
		};
		51458F48218308CB0014AE19 /* Sources */ = {
			isa = PBXSourcesBuildPhase;
			buildActionMask = 2147483647;
			files = (
				51458F51218308CC0014AE19 /* ViewController.swift in Sources */,
				51458F4F218308CC0014AE19 /* AppDelegate.swift in Sources */,
			);
			runOnlyForDeploymentPostprocessing = 0;
		};
		51458F5B218308CD0014AE19 /* Sources */ = {
			isa = PBXSourcesBuildPhase;
			buildActionMask = 2147483647;
			files = (
				51458F64218308CD0014AE19 /* ProductListSampleAppTests.swift in Sources */,
			);
			runOnlyForDeploymentPostprocessing = 0;
		};
		51458F66218308CD0014AE19 /* Sources */ = {
			isa = PBXSourcesBuildPhase;
			buildActionMask = 2147483647;
			files = (
				51458F6F218308CD0014AE19 /* ProductListSampleAppUITests.swift in Sources */,
			);
			runOnlyForDeploymentPostprocessing = 0;
		};
/* End PBXSourcesBuildPhase section */

/* Begin PBXTargetDependency section */
		51458F382183088C0014AE19 /* PBXTargetDependency */ = {
			isa = PBXTargetDependency;
			target = 51458F2B2183088C0014AE19 /* ProductListModule */;
			targetProxy = 51458F372183088C0014AE19 /* PBXContainerItemProxy */;
		};
		51458F61218308CD0014AE19 /* PBXTargetDependency */ = {
			isa = PBXTargetDependency;
			target = 51458F4B218308CB0014AE19 /* ProductListSampleApp */;
			targetProxy = 51458F60218308CD0014AE19 /* PBXContainerItemProxy */;
		};
		51458F6C218308CD0014AE19 /* PBXTargetDependency */ = {
			isa = PBXTargetDependency;
			target = 51458F4B218308CB0014AE19 /* ProductListSampleApp */;
			targetProxy = 51458F6B218308CD0014AE19 /* PBXContainerItemProxy */;
		};
/* End PBXTargetDependency section */

/* Begin PBXVariantGroup section */
		51458F52218308CC0014AE19 /* Main.storyboard */ = {
			isa = PBXVariantGroup;
			children = (
				51458F53218308CC0014AE19 /* Base */,
			);
			name = Main.storyboard;
			sourceTree = "<group>";
		};
		51458F57218308CD0014AE19 /* LaunchScreen.storyboard */ = {
			isa = PBXVariantGroup;
			children = (
				51458F58218308CD0014AE19 /* Base */,
			);
			name = LaunchScreen.storyboard;
			sourceTree = "<group>";
		};
/* End PBXVariantGroup section */

/* Begin XCBuildConfiguration section */
		51458F3E2183088C0014AE19 /* Debug */ = {
			isa = XCBuildConfiguration;
			buildSettings = {
				ALWAYS_SEARCH_USER_PATHS = NO;
				CLANG_ANALYZER_NONNULL = YES;
				CLANG_ANALYZER_NUMBER_OBJECT_CONVERSION = YES_AGGRESSIVE;
				CLANG_CXX_LANGUAGE_STANDARD = "gnu++14";
				CLANG_CXX_LIBRARY = "libc++";
				CLANG_ENABLE_MODULES = YES;
				CLANG_ENABLE_OBJC_ARC = YES;
				CLANG_ENABLE_OBJC_WEAK = YES;
				CLANG_WARN_BLOCK_CAPTURE_AUTORELEASING = YES;
				CLANG_WARN_BOOL_CONVERSION = YES;
				CLANG_WARN_COMMA = YES;
				CLANG_WARN_CONSTANT_CONVERSION = YES;
				CLANG_WARN_DEPRECATED_OBJC_IMPLEMENTATIONS = YES;
				CLANG_WARN_DIRECT_OBJC_ISA_USAGE = YES_ERROR;
				CLANG_WARN_DOCUMENTATION_COMMENTS = YES;
				CLANG_WARN_EMPTY_BODY = YES;
				CLANG_WARN_ENUM_CONVERSION = YES;
				CLANG_WARN_INFINITE_RECURSION = YES;
				CLANG_WARN_INT_CONVERSION = YES;
				CLANG_WARN_NON_LITERAL_NULL_CONVERSION = YES;
				CLANG_WARN_OBJC_IMPLICIT_RETAIN_SELF = YES;
				CLANG_WARN_OBJC_LITERAL_CONVERSION = YES;
				CLANG_WARN_OBJC_ROOT_CLASS = YES_ERROR;
				CLANG_WARN_RANGE_LOOP_ANALYSIS = YES;
				CLANG_WARN_STRICT_PROTOTYPES = YES;
				CLANG_WARN_SUSPICIOUS_MOVE = YES;
				CLANG_WARN_UNGUARDED_AVAILABILITY = YES_AGGRESSIVE;
				CLANG_WARN_UNREACHABLE_CODE = YES;
				CLANG_WARN__DUPLICATE_METHOD_MATCH = YES;
				CODE_SIGN_IDENTITY = "iPhone Developer";
				COPY_PHASE_STRIP = NO;
				CURRENT_PROJECT_VERSION = 1;
				DEBUG_INFORMATION_FORMAT = dwarf;
				ENABLE_STRICT_OBJC_MSGSEND = YES;
				ENABLE_TESTABILITY = YES;
				GCC_C_LANGUAGE_STANDARD = gnu11;
				GCC_DYNAMIC_NO_PIC = NO;
				GCC_NO_COMMON_BLOCKS = YES;
				GCC_OPTIMIZATION_LEVEL = 0;
				GCC_PREPROCESSOR_DEFINITIONS = (
					"DEBUG=1",
					"$(inherited)",
				);
				GCC_WARN_64_TO_32_BIT_CONVERSION = YES;
				GCC_WARN_ABOUT_RETURN_TYPE = YES_ERROR;
				GCC_WARN_UNDECLARED_SELECTOR = YES;
				GCC_WARN_UNINITIALIZED_AUTOS = YES_AGGRESSIVE;
				GCC_WARN_UNUSED_FUNCTION = YES;
				GCC_WARN_UNUSED_VARIABLE = YES;
				IPHONEOS_DEPLOYMENT_TARGET = 11.4;
				MTL_ENABLE_DEBUG_INFO = YES;
				ONLY_ACTIVE_ARCH = YES;
				SDKROOT = iphoneos;
				SWIFT_ACTIVE_COMPILATION_CONDITIONS = DEBUG;
				SWIFT_OPTIMIZATION_LEVEL = "-Onone";
				VERSIONING_SYSTEM = "apple-generic";
				VERSION_INFO_PREFIX = "";
			};
			name = Debug;
		};
		51458F3F2183088C0014AE19 /* Release */ = {
			isa = XCBuildConfiguration;
			buildSettings = {
				ALWAYS_SEARCH_USER_PATHS = NO;
				CLANG_ANALYZER_NONNULL = YES;
				CLANG_ANALYZER_NUMBER_OBJECT_CONVERSION = YES_AGGRESSIVE;
				CLANG_CXX_LANGUAGE_STANDARD = "gnu++14";
				CLANG_CXX_LIBRARY = "libc++";
				CLANG_ENABLE_MODULES = YES;
				CLANG_ENABLE_OBJC_ARC = YES;
				CLANG_ENABLE_OBJC_WEAK = YES;
				CLANG_WARN_BLOCK_CAPTURE_AUTORELEASING = YES;
				CLANG_WARN_BOOL_CONVERSION = YES;
				CLANG_WARN_COMMA = YES;
				CLANG_WARN_CONSTANT_CONVERSION = YES;
				CLANG_WARN_DEPRECATED_OBJC_IMPLEMENTATIONS = YES;
				CLANG_WARN_DIRECT_OBJC_ISA_USAGE = YES_ERROR;
				CLANG_WARN_DOCUMENTATION_COMMENTS = YES;
				CLANG_WARN_EMPTY_BODY = YES;
				CLANG_WARN_ENUM_CONVERSION = YES;
				CLANG_WARN_INFINITE_RECURSION = YES;
				CLANG_WARN_INT_CONVERSION = YES;
				CLANG_WARN_NON_LITERAL_NULL_CONVERSION = YES;
				CLANG_WARN_OBJC_IMPLICIT_RETAIN_SELF = YES;
				CLANG_WARN_OBJC_LITERAL_CONVERSION = YES;
				CLANG_WARN_OBJC_ROOT_CLASS = YES_ERROR;
				CLANG_WARN_RANGE_LOOP_ANALYSIS = YES;
				CLANG_WARN_STRICT_PROTOTYPES = YES;
				CLANG_WARN_SUSPICIOUS_MOVE = YES;
				CLANG_WARN_UNGUARDED_AVAILABILITY = YES_AGGRESSIVE;
				CLANG_WARN_UNREACHABLE_CODE = YES;
				CLANG_WARN__DUPLICATE_METHOD_MATCH = YES;
				CODE_SIGN_IDENTITY = "iPhone Developer";
				COPY_PHASE_STRIP = NO;
				CURRENT_PROJECT_VERSION = 1;
				DEBUG_INFORMATION_FORMAT = "dwarf-with-dsym";
				ENABLE_NS_ASSERTIONS = NO;
				ENABLE_STRICT_OBJC_MSGSEND = YES;
				GCC_C_LANGUAGE_STANDARD = gnu11;
				GCC_NO_COMMON_BLOCKS = YES;
				GCC_WARN_64_TO_32_BIT_CONVERSION = YES;
				GCC_WARN_ABOUT_RETURN_TYPE = YES_ERROR;
				GCC_WARN_UNDECLARED_SELECTOR = YES;
				GCC_WARN_UNINITIALIZED_AUTOS = YES_AGGRESSIVE;
				GCC_WARN_UNUSED_FUNCTION = YES;
				GCC_WARN_UNUSED_VARIABLE = YES;
				IPHONEOS_DEPLOYMENT_TARGET = 11.4;
				MTL_ENABLE_DEBUG_INFO = NO;
				SDKROOT = iphoneos;
				SWIFT_COMPILATION_MODE = wholemodule;
				SWIFT_OPTIMIZATION_LEVEL = "-O";
				VALIDATE_PRODUCT = YES;
				VERSIONING_SYSTEM = "apple-generic";
				VERSION_INFO_PREFIX = "";
			};
			name = Release;
		};
		51458F412183088C0014AE19 /* Debug */ = {
			isa = XCBuildConfiguration;
			baseConfigurationReference = C571710B3F5416CB87D91EE2 /* Pods-ProductListModule.debug.xcconfig */;
			buildSettings = {
				CLANG_ENABLE_MODULES = YES;
				CODE_SIGN_IDENTITY = "";
				CODE_SIGN_STYLE = Automatic;
				DEFINES_MODULE = YES;
				DEVELOPMENT_TEAM = HZX38FJ78H;
				DYLIB_COMPATIBILITY_VERSION = 1;
				DYLIB_CURRENT_VERSION = 1;
				DYLIB_INSTALL_NAME_BASE = "@rpath";
				INFOPLIST_FILE = ProductListModule/Info.plist;
				INSTALL_PATH = "$(LOCAL_LIBRARY_DIR)/Frameworks";
				IPHONEOS_DEPLOYMENT_TARGET = 9.0;
				LD_RUNPATH_SEARCH_PATHS = (
					"$(inherited)",
					"@executable_path/Frameworks",
					"@loader_path/Frameworks",
				);
				PRODUCT_BUNDLE_IDENTIFIER = Globant.ProductListModule;
				PRODUCT_NAME = "$(TARGET_NAME:c99extidentifier)";
				SKIP_INSTALL = YES;
				SWIFT_OPTIMIZATION_LEVEL = "-Onone";
				SWIFT_VERSION = 4.0;
				TARGETED_DEVICE_FAMILY = "1,2";
			};
			name = Debug;
		};
		51458F422183088C0014AE19 /* Release */ = {
			isa = XCBuildConfiguration;
			baseConfigurationReference = 615C3071774D7E30A10A671E /* Pods-ProductListModule.release.xcconfig */;
			buildSettings = {
				CLANG_ENABLE_MODULES = YES;
				CODE_SIGN_IDENTITY = "";
				CODE_SIGN_STYLE = Automatic;
				DEFINES_MODULE = YES;
				DEVELOPMENT_TEAM = HZX38FJ78H;
				DYLIB_COMPATIBILITY_VERSION = 1;
				DYLIB_CURRENT_VERSION = 1;
				DYLIB_INSTALL_NAME_BASE = "@rpath";
				INFOPLIST_FILE = ProductListModule/Info.plist;
				INSTALL_PATH = "$(LOCAL_LIBRARY_DIR)/Frameworks";
				IPHONEOS_DEPLOYMENT_TARGET = 9.0;
				LD_RUNPATH_SEARCH_PATHS = (
					"$(inherited)",
					"@executable_path/Frameworks",
					"@loader_path/Frameworks",
				);
				PRODUCT_BUNDLE_IDENTIFIER = Globant.ProductListModule;
				PRODUCT_NAME = "$(TARGET_NAME:c99extidentifier)";
				SKIP_INSTALL = YES;
				SWIFT_VERSION = 4.0;
				TARGETED_DEVICE_FAMILY = "1,2";
			};
			name = Release;
		};
		51458F442183088C0014AE19 /* Debug */ = {
			isa = XCBuildConfiguration;
			baseConfigurationReference = 099F27C12323371526EC8AB1 /* Pods-ProductListModuleTests.debug.xcconfig */;
			buildSettings = {
				ALWAYS_EMBED_SWIFT_STANDARD_LIBRARIES = YES;
				CODE_SIGN_STYLE = Automatic;
				DEVELOPMENT_TEAM = HZX38FJ78H;
				INFOPLIST_FILE = ProductListModuleTests/Info.plist;
				LD_RUNPATH_SEARCH_PATHS = (
					"$(inherited)",
					"@executable_path/Frameworks",
					"@loader_path/Frameworks",
				);
				PRODUCT_BUNDLE_IDENTIFIER = Globant.ProductListModuleTests;
				PRODUCT_NAME = "$(TARGET_NAME)";
				SWIFT_VERSION = 4.0;
				TARGETED_DEVICE_FAMILY = "1,2";
			};
			name = Debug;
		};
		51458F452183088C0014AE19 /* Release */ = {
			isa = XCBuildConfiguration;
			baseConfigurationReference = 945035E461EDCD8E17BFE240 /* Pods-ProductListModuleTests.release.xcconfig */;
			buildSettings = {
				ALWAYS_EMBED_SWIFT_STANDARD_LIBRARIES = YES;
				CODE_SIGN_STYLE = Automatic;
				DEVELOPMENT_TEAM = HZX38FJ78H;
				INFOPLIST_FILE = ProductListModuleTests/Info.plist;
				LD_RUNPATH_SEARCH_PATHS = (
					"$(inherited)",
					"@executable_path/Frameworks",
					"@loader_path/Frameworks",
				);
				PRODUCT_BUNDLE_IDENTIFIER = Globant.ProductListModuleTests;
				PRODUCT_NAME = "$(TARGET_NAME)";
				SWIFT_VERSION = 4.0;
				TARGETED_DEVICE_FAMILY = "1,2";
			};
			name = Release;
		};
		51458F72218308CD0014AE19 /* Debug */ = {
			isa = XCBuildConfiguration;
			baseConfigurationReference = 04BC198CE7D9EAD196E336F6 /* Pods-ProductListSampleApp.debug.xcconfig */;
			buildSettings = {
				ASSETCATALOG_COMPILER_APPICON_NAME = AppIcon;
				CODE_SIGN_STYLE = Automatic;
				DEVELOPMENT_TEAM = HZX38FJ78H;
				INFOPLIST_FILE = ProductListSampleApp/Info.plist;
				IPHONEOS_DEPLOYMENT_TARGET = 9.0;
				LD_RUNPATH_SEARCH_PATHS = (
					"$(inherited)",
					"@executable_path/Frameworks",
				);
				PRODUCT_BUNDLE_IDENTIFIER = Globant.ProductListSampleApp;
				PRODUCT_NAME = "$(TARGET_NAME)";
				SWIFT_VERSION = 4.0;
				TARGETED_DEVICE_FAMILY = "1,2";
			};
			name = Debug;
		};
		51458F73218308CD0014AE19 /* Release */ = {
			isa = XCBuildConfiguration;
			baseConfigurationReference = 4DF623C12FDC7570FB45C5D4 /* Pods-ProductListSampleApp.release.xcconfig */;
			buildSettings = {
				ASSETCATALOG_COMPILER_APPICON_NAME = AppIcon;
				CODE_SIGN_STYLE = Automatic;
				DEVELOPMENT_TEAM = HZX38FJ78H;
				INFOPLIST_FILE = ProductListSampleApp/Info.plist;
				IPHONEOS_DEPLOYMENT_TARGET = 9.0;
				LD_RUNPATH_SEARCH_PATHS = (
					"$(inherited)",
					"@executable_path/Frameworks",
				);
				PRODUCT_BUNDLE_IDENTIFIER = Globant.ProductListSampleApp;
				PRODUCT_NAME = "$(TARGET_NAME)";
				SWIFT_VERSION = 4.0;
				TARGETED_DEVICE_FAMILY = "1,2";
			};
			name = Release;
		};
		51458F75218308CD0014AE19 /* Debug */ = {
			isa = XCBuildConfiguration;
			baseConfigurationReference = 8CFE0D004058A662E2545FF5 /* Pods-ProductListSampleAppTests.debug.xcconfig */;
			buildSettings = {
				ALWAYS_EMBED_SWIFT_STANDARD_LIBRARIES = YES;
				BUNDLE_LOADER = "$(TEST_HOST)";
				CODE_SIGN_STYLE = Automatic;
				DEVELOPMENT_TEAM = HZX38FJ78H;
				INFOPLIST_FILE = ProductListSampleAppTests/Info.plist;
				LD_RUNPATH_SEARCH_PATHS = (
					"$(inherited)",
					"@executable_path/Frameworks",
					"@loader_path/Frameworks",
				);
				PRODUCT_BUNDLE_IDENTIFIER = Globant.ProductListSampleAppTests;
				PRODUCT_NAME = "$(TARGET_NAME)";
				SWIFT_VERSION = 4.0;
				TARGETED_DEVICE_FAMILY = "1,2";
				TEST_HOST = "$(BUILT_PRODUCTS_DIR)/ProductListSampleApp.app/ProductListSampleApp";
			};
			name = Debug;
		};
		51458F76218308CD0014AE19 /* Release */ = {
			isa = XCBuildConfiguration;
			baseConfigurationReference = B56FC01BBA1B467545298B54 /* Pods-ProductListSampleAppTests.release.xcconfig */;
			buildSettings = {
				ALWAYS_EMBED_SWIFT_STANDARD_LIBRARIES = YES;
				BUNDLE_LOADER = "$(TEST_HOST)";
				CODE_SIGN_STYLE = Automatic;
				DEVELOPMENT_TEAM = HZX38FJ78H;
				INFOPLIST_FILE = ProductListSampleAppTests/Info.plist;
				LD_RUNPATH_SEARCH_PATHS = (
					"$(inherited)",
					"@executable_path/Frameworks",
					"@loader_path/Frameworks",
				);
				PRODUCT_BUNDLE_IDENTIFIER = Globant.ProductListSampleAppTests;
				PRODUCT_NAME = "$(TARGET_NAME)";
				SWIFT_VERSION = 4.0;
				TARGETED_DEVICE_FAMILY = "1,2";
				TEST_HOST = "$(BUILT_PRODUCTS_DIR)/ProductListSampleApp.app/ProductListSampleApp";
			};
			name = Release;
		};
		51458F78218308CD0014AE19 /* Debug */ = {
			isa = XCBuildConfiguration;
			baseConfigurationReference = B6045CF971B865821FC160E4 /* Pods-ProductListSampleAppUITests.debug.xcconfig */;
			buildSettings = {
				ALWAYS_EMBED_SWIFT_STANDARD_LIBRARIES = YES;
				CODE_SIGN_STYLE = Automatic;
				DEVELOPMENT_TEAM = HZX38FJ78H;
				INFOPLIST_FILE = ProductListSampleAppUITests/Info.plist;
				LD_RUNPATH_SEARCH_PATHS = (
					"$(inherited)",
					"@executable_path/Frameworks",
					"@loader_path/Frameworks",
				);
				PRODUCT_BUNDLE_IDENTIFIER = Globant.ProductListSampleAppUITests;
				PRODUCT_NAME = "$(TARGET_NAME)";
				SWIFT_VERSION = 4.0;
				TARGETED_DEVICE_FAMILY = "1,2";
				TEST_TARGET_NAME = ProductListSampleApp;
			};
			name = Debug;
		};
		51458F79218308CD0014AE19 /* Release */ = {
			isa = XCBuildConfiguration;
			baseConfigurationReference = 10434A7A9742672641169B8E /* Pods-ProductListSampleAppUITests.release.xcconfig */;
			buildSettings = {
				ALWAYS_EMBED_SWIFT_STANDARD_LIBRARIES = YES;
				CODE_SIGN_STYLE = Automatic;
				DEVELOPMENT_TEAM = HZX38FJ78H;
				INFOPLIST_FILE = ProductListSampleAppUITests/Info.plist;
				LD_RUNPATH_SEARCH_PATHS = (
					"$(inherited)",
					"@executable_path/Frameworks",
					"@loader_path/Frameworks",
				);
				PRODUCT_BUNDLE_IDENTIFIER = Globant.ProductListSampleAppUITests;
				PRODUCT_NAME = "$(TARGET_NAME)";
				SWIFT_VERSION = 4.0;
				TARGETED_DEVICE_FAMILY = "1,2";
				TEST_TARGET_NAME = ProductListSampleApp;
			};
			name = Release;
		};
/* End XCBuildConfiguration section */

/* Begin XCConfigurationList section */
		51458F262183088C0014AE19 /* Build configuration list for PBXProject "ProductListModule" */ = {
			isa = XCConfigurationList;
			buildConfigurations = (
				51458F3E2183088C0014AE19 /* Debug */,
				51458F3F2183088C0014AE19 /* Release */,
			);
			defaultConfigurationIsVisible = 0;
			defaultConfigurationName = Release;
		};
		51458F402183088C0014AE19 /* Build configuration list for PBXNativeTarget "ProductListModule" */ = {
			isa = XCConfigurationList;
			buildConfigurations = (
				51458F412183088C0014AE19 /* Debug */,
				51458F422183088C0014AE19 /* Release */,
			);
			defaultConfigurationIsVisible = 0;
			defaultConfigurationName = Release;
		};
		51458F432183088C0014AE19 /* Build configuration list for PBXNativeTarget "ProductListModuleTests" */ = {
			isa = XCConfigurationList;
			buildConfigurations = (
				51458F442183088C0014AE19 /* Debug */,
				51458F452183088C0014AE19 /* Release */,
			);
			defaultConfigurationIsVisible = 0;
			defaultConfigurationName = Release;
		};
		51458F71218308CD0014AE19 /* Build configuration list for PBXNativeTarget "ProductListSampleApp" */ = {
			isa = XCConfigurationList;
			buildConfigurations = (
				51458F72218308CD0014AE19 /* Debug */,
				51458F73218308CD0014AE19 /* Release */,
			);
			defaultConfigurationIsVisible = 0;
			defaultConfigurationName = Release;
		};
		51458F74218308CD0014AE19 /* Build configuration list for PBXNativeTarget "ProductListSampleAppTests" */ = {
			isa = XCConfigurationList;
			buildConfigurations = (
				51458F75218308CD0014AE19 /* Debug */,
				51458F76218308CD0014AE19 /* Release */,
			);
			defaultConfigurationIsVisible = 0;
			defaultConfigurationName = Release;
		};
		51458F77218308CD0014AE19 /* Build configuration list for PBXNativeTarget "ProductListSampleAppUITests" */ = {
			isa = XCConfigurationList;
			buildConfigurations = (
				51458F78218308CD0014AE19 /* Debug */,
				51458F79218308CD0014AE19 /* Release */,
			);
			defaultConfigurationIsVisible = 0;
			defaultConfigurationName = Release;
		};
/* End XCConfigurationList section */
	};
	rootObject = 51458F232183088C0014AE19 /* Project object */;
}
